// !$*UTF8*$!
{
	archiveVersion = 1;
	classes = {
	};
	objectVersion = 50;
	objects = {

/* Begin PBXBuildFile section */
		422264EF2301CF570029CD0B /* AppDelegate.swift in Sources */ = {isa = PBXBuildFile; fileRef = 422264EE2301CF570029CD0B /* AppDelegate.swift */; };
		422264F12301CF570029CD0B /* ViewController.swift in Sources */ = {isa = PBXBuildFile; fileRef = 422264F02301CF570029CD0B /* ViewController.swift */; };
		422264F42301CF570029CD0B /* Main.storyboard in Resources */ = {isa = PBXBuildFile; fileRef = 422264F22301CF570029CD0B /* Main.storyboard */; };
		422264F62301CF580029CD0B /* Assets.xcassets in Resources */ = {isa = PBXBuildFile; fileRef = 422264F52301CF580029CD0B /* Assets.xcassets */; };
		422264F92301CF580029CD0B /* LaunchScreen.storyboard in Resources */ = {isa = PBXBuildFile; fileRef = 422264F72301CF580029CD0B /* LaunchScreen.storyboard */; };
		422265042301CF580029CD0B /* Yelp_DemoTests.swift in Sources */ = {isa = PBXBuildFile; fileRef = 422265032301CF580029CD0B /* Yelp_DemoTests.swift */; };
		4222650F2301CF580029CD0B /* Yelp_DemoUITests.swift in Sources */ = {isa = PBXBuildFile; fileRef = 4222650E2301CF580029CD0B /* Yelp_DemoUITests.swift */; };
/* End PBXBuildFile section */

/* Begin PBXContainerItemProxy section */
		422265002301CF580029CD0B /* PBXContainerItemProxy */ = {
			isa = PBXContainerItemProxy;
			containerPortal = 422264E32301CF570029CD0B /* Project object */;
			proxyType = 1;
			remoteGlobalIDString = 422264EA2301CF570029CD0B;
			remoteInfo = "Yelp Demo";
		};
		4222650B2301CF580029CD0B /* PBXContainerItemProxy */ = {
			isa = PBXContainerItemProxy;
			containerPortal = 422264E32301CF570029CD0B /* Project object */;
			proxyType = 1;
			remoteGlobalIDString = 422264EA2301CF570029CD0B;
			remoteInfo = "Yelp Demo";
		};
/* End PBXContainerItemProxy section */

/* Begin PBXFileReference section */
		422264EB2301CF570029CD0B /* Yelp Demo.app */ = {isa = PBXFileReference; explicitFileType = wrapper.application; includeInIndex = 0; path = "Yelp Demo.app"; sourceTree = BUILT_PRODUCTS_DIR; };
		422264EE2301CF570029CD0B /* AppDelegate.swift */ = {isa = PBXFileReference; lastKnownFileType = sourcecode.swift; path = AppDelegate.swift; sourceTree = "<group>"; };
		422264F02301CF570029CD0B /* ViewController.swift */ = {isa = PBXFileReference; lastKnownFileType = sourcecode.swift; path = ViewController.swift; sourceTree = "<group>"; };
		422264F32301CF570029CD0B /* Base */ = {isa = PBXFileReference; lastKnownFileType = file.storyboard; name = Base; path = Base.lproj/Main.storyboard; sourceTree = "<group>"; };
		422264F52301CF580029CD0B /* Assets.xcassets */ = {isa = PBXFileReference; lastKnownFileType = folder.assetcatalog; path = Assets.xcassets; sourceTree = "<group>"; };
		422264F82301CF580029CD0B /* Base */ = {isa = PBXFileReference; lastKnownFileType = file.storyboard; name = Base; path = Base.lproj/LaunchScreen.storyboard; sourceTree = "<group>"; };
		422264FA2301CF580029CD0B /* Info.plist */ = {isa = PBXFileReference; lastKnownFileType = text.plist.xml; path = Info.plist; sourceTree = "<group>"; };
		422264FF2301CF580029CD0B /* Yelp DemoTests.xctest */ = {isa = PBXFileReference; explicitFileType = wrapper.cfbundle; includeInIndex = 0; path = "Yelp DemoTests.xctest"; sourceTree = BUILT_PRODUCTS_DIR; };
		422265032301CF580029CD0B /* Yelp_DemoTests.swift */ = {isa = PBXFileReference; lastKnownFileType = sourcecode.swift; path = Yelp_DemoTests.swift; sourceTree = "<group>"; };
		422265052301CF580029CD0B /* Info.plist */ = {isa = PBXFileReference; lastKnownFileType = text.plist.xml; path = Info.plist; sourceTree = "<group>"; };
		4222650A2301CF580029CD0B /* Yelp DemoUITests.xctest */ = {isa = PBXFileReference; explicitFileType = wrapper.cfbundle; includeInIndex = 0; path = "Yelp DemoUITests.xctest"; sourceTree = BUILT_PRODUCTS_DIR; };
		4222650E2301CF580029CD0B /* Yelp_DemoUITests.swift */ = {isa = PBXFileReference; lastKnownFileType = sourcecode.swift; path = Yelp_DemoUITests.swift; sourceTree = "<group>"; };
		422265102301CF580029CD0B /* Info.plist */ = {isa = PBXFileReference; lastKnownFileType = text.plist.xml; path = Info.plist; sourceTree = "<group>"; };
/* End PBXFileReference section */

/* Begin PBXFrameworksBuildPhase section */
		422264E82301CF570029CD0B /* Frameworks */ = {
			isa = PBXFrameworksBuildPhase;
			buildActionMask = 2147483647;
			files = (
			);
			runOnlyForDeploymentPostprocessing = 0;
		};
		422264FC2301CF580029CD0B /* Frameworks */ = {
			isa = PBXFrameworksBuildPhase;
			buildActionMask = 2147483647;
			files = (
			);
			runOnlyForDeploymentPostprocessing = 0;
		};
		422265072301CF580029CD0B /* Frameworks */ = {
			isa = PBXFrameworksBuildPhase;
			buildActionMask = 2147483647;
			files = (
			);
			runOnlyForDeploymentPostprocessing = 0;
		};
/* End PBXFrameworksBuildPhase section */

/* Begin PBXGroup section */
		422264E22301CF570029CD0B = {
			isa = PBXGroup;
			children = (
				422264ED2301CF570029CD0B /* Yelp Demo */,
				422265022301CF580029CD0B /* Yelp DemoTests */,
				4222650D2301CF580029CD0B /* Yelp DemoUITests */,
				422264EC2301CF570029CD0B /* Products */,
			);
			sourceTree = "<group>";
		};
		422264EC2301CF570029CD0B /* Products */ = {
			isa = PBXGroup;
			children = (
				422264EB2301CF570029CD0B /* Yelp Demo.app */,
				422264FF2301CF580029CD0B /* Yelp DemoTests.xctest */,
				4222650A2301CF580029CD0B /* Yelp DemoUITests.xctest */,
			);
			name = Products;
			sourceTree = "<group>";
		};
		422264ED2301CF570029CD0B /* Yelp Demo */ = {
			isa = PBXGroup;
			children = (
				422264EE2301CF570029CD0B /* AppDelegate.swift */,
				422264F02301CF570029CD0B /* ViewController.swift */,
				422264F22301CF570029CD0B /* Main.storyboard */,
				422264F52301CF580029CD0B /* Assets.xcassets */,
				422264F72301CF580029CD0B /* LaunchScreen.storyboard */,
				422264FA2301CF580029CD0B /* Info.plist */,
			);
			path = "Yelp Demo";
			sourceTree = "<group>";
		};
		422265022301CF580029CD0B /* Yelp DemoTests */ = {
			isa = PBXGroup;
			children = (
				422265032301CF580029CD0B /* Yelp_DemoTests.swift */,
				422265052301CF580029CD0B /* Info.plist */,
			);
			path = "Yelp DemoTests";
			sourceTree = "<group>";
		};
		4222650D2301CF580029CD0B /* Yelp DemoUITests */ = {
			isa = PBXGroup;
			children = (
				4222650E2301CF580029CD0B /* Yelp_DemoUITests.swift */,
				422265102301CF580029CD0B /* Info.plist */,
			);
			path = "Yelp DemoUITests";
			sourceTree = "<group>";
		};
/* End PBXGroup section */

/* Begin PBXNativeTarget section */
		422264EA2301CF570029CD0B /* Yelp Demo */ = {
			isa = PBXNativeTarget;
			buildConfigurationList = 422265132301CF580029CD0B /* Build configuration list for PBXNativeTarget "Yelp Demo" */;
			buildPhases = (
				422264E72301CF570029CD0B /* Sources */,
				422264E82301CF570029CD0B /* Frameworks */,
				422264E92301CF570029CD0B /* Resources */,
			);
			buildRules = (
			);
			dependencies = (
			);
			name = "Yelp Demo";
			productName = "Yelp Demo";
			productReference = 422264EB2301CF570029CD0B /* Yelp Demo.app */;
			productType = "com.apple.product-type.application";
		};
		422264FE2301CF580029CD0B /* Yelp DemoTests */ = {
			isa = PBXNativeTarget;
			buildConfigurationList = 422265162301CF580029CD0B /* Build configuration list for PBXNativeTarget "Yelp DemoTests" */;
			buildPhases = (
				422264FB2301CF580029CD0B /* Sources */,
				422264FC2301CF580029CD0B /* Frameworks */,
				422264FD2301CF580029CD0B /* Resources */,
			);
			buildRules = (
			);
			dependencies = (
				422265012301CF580029CD0B /* PBXTargetDependency */,
			);
			name = "Yelp DemoTests";
			productName = "Yelp DemoTests";
			productReference = 422264FF2301CF580029CD0B /* Yelp DemoTests.xctest */;
			productType = "com.apple.product-type.bundle.unit-test";
		};
		422265092301CF580029CD0B /* Yelp DemoUITests */ = {
			isa = PBXNativeTarget;
			buildConfigurationList = 422265192301CF580029CD0B /* Build configuration list for PBXNativeTarget "Yelp DemoUITests" */;
			buildPhases = (
				422265062301CF580029CD0B /* Sources */,
				422265072301CF580029CD0B /* Frameworks */,
				422265082301CF580029CD0B /* Resources */,
			);
			buildRules = (
			);
			dependencies = (
				4222650C2301CF580029CD0B /* PBXTargetDependency */,
			);
			name = "Yelp DemoUITests";
			productName = "Yelp DemoUITests";
			productReference = 4222650A2301CF580029CD0B /* Yelp DemoUITests.xctest */;
			productType = "com.apple.product-type.bundle.ui-testing";
		};
/* End PBXNativeTarget section */

/* Begin PBXProject section */
		422264E32301CF570029CD0B /* Project object */ = {
			isa = PBXProject;
			attributes = {
				LastSwiftUpdateCheck = 1030;
				LastUpgradeCheck = 1030;
				ORGANIZATIONNAME = Ken;
				TargetAttributes = {
					422264EA2301CF570029CD0B = {
						CreatedOnToolsVersion = 10.3;
					};
					422264FE2301CF580029CD0B = {
						CreatedOnToolsVersion = 10.3;
						TestTargetID = 422264EA2301CF570029CD0B;
					};
					422265092301CF580029CD0B = {
						CreatedOnToolsVersion = 10.3;
						TestTargetID = 422264EA2301CF570029CD0B;
					};
				};
			};
			buildConfigurationList = 422264E62301CF570029CD0B /* Build configuration list for PBXProject "Yelp Demo" */;
			compatibilityVersion = "Xcode 9.3";
			developmentRegion = en;
			hasScannedForEncodings = 0;
			knownRegions = (
				en,
				Base,
			);
			mainGroup = 422264E22301CF570029CD0B;
			productRefGroup = 422264EC2301CF570029CD0B /* Products */;
			projectDirPath = "";
			projectRoot = "";
			targets = (
				422264EA2301CF570029CD0B /* Yelp Demo */,
				422264FE2301CF580029CD0B /* Yelp DemoTests */,
				422265092301CF580029CD0B /* Yelp DemoUITests */,
			);
		};
/* End PBXProject section */

/* Begin PBXResourcesBuildPhase section */
		422264E92301CF570029CD0B /* Resources */ = {
			isa = PBXResourcesBuildPhase;
			buildActionMask = 2147483647;
			files = (
				422264F92301CF580029CD0B /* LaunchScreen.storyboard in Resources */,
				422264F62301CF580029CD0B /* Assets.xcassets in Resources */,
				422264F42301CF570029CD0B /* Main.storyboard in Resources */,
			);
			runOnlyForDeploymentPostprocessing = 0;
		};
		422264FD2301CF580029CD0B /* Resources */ = {
			isa = PBXResourcesBuildPhase;
			buildActionMask = 2147483647;
			files = (
			);
			runOnlyForDeploymentPostprocessing = 0;
		};
		422265082301CF580029CD0B /* Resources */ = {
			isa = PBXResourcesBuildPhase;
			buildActionMask = 2147483647;
			files = (
			);
			runOnlyForDeploymentPostprocessing = 0;
		};
/* End PBXResourcesBuildPhase section */

/* Begin PBXSourcesBuildPhase section */
		422264E72301CF570029CD0B /* Sources */ = {
			isa = PBXSourcesBuildPhase;
			buildActionMask = 2147483647;
			files = (
				422264F12301CF570029CD0B /* ViewController.swift in Sources */,
				422264EF2301CF570029CD0B /* AppDelegate.swift in Sources */,
			);
			runOnlyForDeploymentPostprocessing = 0;
		};
		422264FB2301CF580029CD0B /* Sources */ = {
			isa = PBXSourcesBuildPhase;
			buildActionMask = 2147483647;
			files = (
				422265042301CF580029CD0B /* Yelp_DemoTests.swift in Sources */,
			);
			runOnlyForDeploymentPostprocessing = 0;
		};
		422265062301CF580029CD0B /* Sources */ = {
			isa = PBXSourcesBuildPhase;
			buildActionMask = 2147483647;
			files = (
				4222650F2301CF580029CD0B /* Yelp_DemoUITests.swift in Sources */,
			);
			runOnlyForDeploymentPostprocessing = 0;
		};
/* End PBXSourcesBuildPhase section */

/* Begin PBXTargetDependency section */
		422265012301CF580029CD0B /* PBXTargetDependency */ = {
			isa = PBXTargetDependency;
			target = 422264EA2301CF570029CD0B /* Yelp Demo */;
			targetProxy = 422265002301CF580029CD0B /* PBXContainerItemProxy */;
		};
		4222650C2301CF580029CD0B /* PBXTargetDependency */ = {
			isa = PBXTargetDependency;
			target = 422264EA2301CF570029CD0B /* Yelp Demo */;
			targetProxy = 4222650B2301CF580029CD0B /* PBXContainerItemProxy */;
		};
/* End PBXTargetDependency section */

/* Begin PBXVariantGroup section */
		422264F22301CF570029CD0B /* Main.storyboard */ = {
			isa = PBXVariantGroup;
			children = (
				422264F32301CF570029CD0B /* Base */,
			);
			name = Main.storyboard;
			sourceTree = "<group>";
		};
		422264F72301CF580029CD0B /* LaunchScreen.storyboard */ = {
			isa = PBXVariantGroup;
			children = (
				422264F82301CF580029CD0B /* Base */,
			);
			name = LaunchScreen.storyboard;
			sourceTree = "<group>";
		};
/* End PBXVariantGroup section */

/* Begin XCBuildConfiguration section */
		422265112301CF580029CD0B /* Debug */ = {
			isa = XCBuildConfiguration;
			buildSettings = {
				ALWAYS_SEARCH_USER_PATHS = NO;
				CLANG_ANALYZER_NONNULL = YES;
				CLANG_ANALYZER_NUMBER_OBJECT_CONVERSION = YES_AGGRESSIVE;
				CLANG_CXX_LANGUAGE_STANDARD = "gnu++14";
				CLANG_CXX_LIBRARY = "libc++";
				CLANG_ENABLE_MODULES = YES;
				CLANG_ENABLE_OBJC_ARC = YES;
				CLANG_ENABLE_OBJC_WEAK = YES;
				CLANG_WARN_BLOCK_CAPTURE_AUTORELEASING = YES;
				CLANG_WARN_BOOL_CONVERSION = YES;
				CLANG_WARN_COMMA = YES;
				CLANG_WARN_CONSTANT_CONVERSION = YES;
				CLANG_WARN_DEPRECATED_OBJC_IMPLEMENTATIONS = YES;
				CLANG_WARN_DIRECT_OBJC_ISA_USAGE = YES_ERROR;
				CLANG_WARN_DOCUMENTATION_COMMENTS = YES;
				CLANG_WARN_EMPTY_BODY = YES;
				CLANG_WARN_ENUM_CONVERSION = YES;
				CLANG_WARN_INFINITE_RECURSION = YES;
				CLANG_WARN_INT_CONVERSION = YES;
				CLANG_WARN_NON_LITERAL_NULL_CONVERSION = YES;
				CLANG_WARN_OBJC_IMPLICIT_RETAIN_SELF = YES;
				CLANG_WARN_OBJC_LITERAL_CONVERSION = YES;
				CLANG_WARN_OBJC_ROOT_CLASS = YES_ERROR;
				CLANG_WARN_RANGE_LOOP_ANALYSIS = YES;
				CLANG_WARN_STRICT_PROTOTYPES = YES;
				CLANG_WARN_SUSPICIOUS_MOVE = YES;
				CLANG_WARN_UNGUARDED_AVAILABILITY = YES_AGGRESSIVE;
				CLANG_WARN_UNREACHABLE_CODE = YES;
				CLANG_WARN__DUPLICATE_METHOD_MATCH = YES;
				CODE_SIGN_IDENTITY = "iPhone Developer";
				COPY_PHASE_STRIP = NO;
				DEBUG_INFORMATION_FORMAT = dwarf;
				ENABLE_STRICT_OBJC_MSGSEND = YES;
				ENABLE_TESTABILITY = YES;
				GCC_C_LANGUAGE_STANDARD = gnu11;
				GCC_DYNAMIC_NO_PIC = NO;
				GCC_NO_COMMON_BLOCKS = YES;
				GCC_OPTIMIZATION_LEVEL = 0;
				GCC_PREPROCESSOR_DEFINITIONS = (
					"DEBUG=1",
					"$(inherited)",
				);
				GCC_WARN_64_TO_32_BIT_CONVERSION = YES;
				GCC_WARN_ABOUT_RETURN_TYPE = YES_ERROR;
				GCC_WARN_UNDECLARED_SELECTOR = YES;
				GCC_WARN_UNINITIALIZED_AUTOS = YES_AGGRESSIVE;
				GCC_WARN_UNUSED_FUNCTION = YES;
				GCC_WARN_UNUSED_VARIABLE = YES;
				IPHONEOS_DEPLOYMENT_TARGET = 12.4;
				MTL_ENABLE_DEBUG_INFO = INCLUDE_SOURCE;
				MTL_FAST_MATH = YES;
				ONLY_ACTIVE_ARCH = YES;
				SDKROOT = iphoneos;
				SWIFT_ACTIVE_COMPILATION_CONDITIONS = DEBUG;
				SWIFT_OPTIMIZATION_LEVEL = "-Onone";
			};
			name = Debug;
		};
		422265122301CF580029CD0B /* Release */ = {
			isa = XCBuildConfiguration;
			buildSettings = {
				ALWAYS_SEARCH_USER_PATHS = NO;
				CLANG_ANALYZER_NONNULL = YES;
				CLANG_ANALYZER_NUMBER_OBJECT_CONVERSION = YES_AGGRESSIVE;
				CLANG_CXX_LANGUAGE_STANDARD = "gnu++14";
				CLANG_CXX_LIBRARY = "libc++";
				CLANG_ENABLE_MODULES = YES;
				CLANG_ENABLE_OBJC_ARC = YES;
				CLANG_ENABLE_OBJC_WEAK = YES;
				CLANG_WARN_BLOCK_CAPTURE_AUTORELEASING = YES;
				CLANG_WARN_BOOL_CONVERSION = YES;
				CLANG_WARN_COMMA = YES;
				CLANG_WARN_CONSTANT_CONVERSION = YES;
				CLANG_WARN_DEPRECATED_OBJC_IMPLEMENTATIONS = YES;
				CLANG_WARN_DIRECT_OBJC_ISA_USAGE = YES_ERROR;
				CLANG_WARN_DOCUMENTATION_COMMENTS = YES;
				CLANG_WARN_EMPTY_BODY = YES;
				CLANG_WARN_ENUM_CONVERSION = YES;
				CLANG_WARN_INFINITE_RECURSION = YES;
				CLANG_WARN_INT_CONVERSION = YES;
				CLANG_WARN_NON_LITERAL_NULL_CONVERSION = YES;
				CLANG_WARN_OBJC_IMPLICIT_RETAIN_SELF = YES;
				CLANG_WARN_OBJC_LITERAL_CONVERSION = YES;
				CLANG_WARN_OBJC_ROOT_CLASS = YES_ERROR;
				CLANG_WARN_RANGE_LOOP_ANALYSIS = YES;
				CLANG_WARN_STRICT_PROTOTYPES = YES;
				CLANG_WARN_SUSPICIOUS_MOVE = YES;
				CLANG_WARN_UNGUARDED_AVAILABILITY = YES_AGGRESSIVE;
				CLANG_WARN_UNREACHABLE_CODE = YES;
				CLANG_WARN__DUPLICATE_METHOD_MATCH = YES;
				CODE_SIGN_IDENTITY = "iPhone Developer";
				COPY_PHASE_STRIP = NO;
				DEBUG_INFORMATION_FORMAT = "dwarf-with-dsym";
				ENABLE_NS_ASSERTIONS = NO;
				ENABLE_STRICT_OBJC_MSGSEND = YES;
				GCC_C_LANGUAGE_STANDARD = gnu11;
				GCC_NO_COMMON_BLOCKS = YES;
				GCC_WARN_64_TO_32_BIT_CONVERSION = YES;
				GCC_WARN_ABOUT_RETURN_TYPE = YES_ERROR;
				GCC_WARN_UNDECLARED_SELECTOR = YES;
				GCC_WARN_UNINITIALIZED_AUTOS = YES_AGGRESSIVE;
				GCC_WARN_UNUSED_FUNCTION = YES;
				GCC_WARN_UNUSED_VARIABLE = YES;
				IPHONEOS_DEPLOYMENT_TARGET = 12.4;
				MTL_ENABLE_DEBUG_INFO = NO;
				MTL_FAST_MATH = YES;
				SDKROOT = iphoneos;
				SWIFT_COMPILATION_MODE = wholemodule;
				SWIFT_OPTIMIZATION_LEVEL = "-O";
				VALIDATE_PRODUCT = YES;
			};
			name = Release;
		};
		422265142301CF580029CD0B /* Debug */ = {
			isa = XCBuildConfiguration;
			buildSettings = {
				ASSETCATALOG_COMPILER_APPICON_NAME = AppIcon;
				CODE_SIGN_STYLE = Automatic;
				DEVELOPMENT_TEAM = YR776Q9YX4;
				INFOPLIST_FILE = "Yelp Demo/Info.plist";
				LD_RUNPATH_SEARCH_PATHS = (
					"$(inherited)",
					"@executable_path/Frameworks",
				);
				PRODUCT_BUNDLE_IDENTIFIER = "com.kenmau.Yelp-Demo";
				PRODUCT_NAME = "$(TARGET_NAME)";
				SWIFT_VERSION = 5.0;
				TARGETED_DEVICE_FAMILY = "1,2";
			};
			name = Debug;
		};
		422265152301CF580029CD0B /* Release */ = {
			isa = XCBuildConfiguration;
			buildSettings = {
				ASSETCATALOG_COMPILER_APPICON_NAME = AppIcon;
				CODE_SIGN_STYLE = Automatic;
				DEVELOPMENT_TEAM = YR776Q9YX4;
				INFOPLIST_FILE = "Yelp Demo/Info.plist";
				LD_RUNPATH_SEARCH_PATHS = (
					"$(inherited)",
					"@executable_path/Frameworks",
				);
				PRODUCT_BUNDLE_IDENTIFIER = "com.kenmau.Yelp-Demo";
				PRODUCT_NAME = "$(TARGET_NAME)";
				SWIFT_VERSION = 5.0;
				TARGETED_DEVICE_FAMILY = "1,2";
			};
			name = Release;
		};
		422265172301CF580029CD0B /* Debug */ = {
			isa = XCBuildConfiguration;
			buildSettings = {
				ALWAYS_EMBED_SWIFT_STANDARD_LIBRARIES = YES;
				BUNDLE_LOADER = "$(TEST_HOST)";
				CODE_SIGN_STYLE = Automatic;
				DEVELOPMENT_TEAM = YR776Q9YX4;
				INFOPLIST_FILE = "Yelp DemoTests/Info.plist";
				LD_RUNPATH_SEARCH_PATHS = (
					"$(inherited)",
					"@executable_path/Frameworks",
					"@loader_path/Frameworks",
				);
				PRODUCT_BUNDLE_IDENTIFIER = "com.kenmau.Yelp-DemoTests";
				PRODUCT_NAME = "$(TARGET_NAME)";
				SWIFT_VERSION = 5.0;
				TARGETED_DEVICE_FAMILY = "1,2";
				TEST_HOST = "$(BUILT_PRODUCTS_DIR)/Yelp Demo.app/Yelp Demo";
			};
			name = Debug;
		};
		422265182301CF580029CD0B /* Release */ = {
			isa = XCBuildConfiguration;
			buildSettings = {
				ALWAYS_EMBED_SWIFT_STANDARD_LIBRARIES = YES;
				BUNDLE_LOADER = "$(TEST_HOST)";
				CODE_SIGN_STYLE = Automatic;
				DEVELOPMENT_TEAM = YR776Q9YX4;
				INFOPLIST_FILE = "Yelp DemoTests/Info.plist";
				LD_RUNPATH_SEARCH_PATHS = (
					"$(inherited)",
					"@executable_path/Frameworks",
					"@loader_path/Frameworks",
				);
				PRODUCT_BUNDLE_IDENTIFIER = "com.kenmau.Yelp-DemoTests";
				PRODUCT_NAME = "$(TARGET_NAME)";
				SWIFT_VERSION = 5.0;
				TARGETED_DEVICE_FAMILY = "1,2";
				TEST_HOST = "$(BUILT_PRODUCTS_DIR)/Yelp Demo.app/Yelp Demo";
			};
			name = Release;
		};
		4222651A2301CF580029CD0B /* Debug */ = {
			isa = XCBuildConfiguration;
			buildSettings = {
				ALWAYS_EMBED_SWIFT_STANDARD_LIBRARIES = YES;
				CODE_SIGN_STYLE = Automatic;
				DEVELOPMENT_TEAM = YR776Q9YX4;
				INFOPLIST_FILE = "Yelp DemoUITests/Info.plist";
				LD_RUNPATH_SEARCH_PATHS = (
					"$(inherited)",
					"@executable_path/Frameworks",
					"@loader_path/Frameworks",
				);
				PRODUCT_BUNDLE_IDENTIFIER = "com.kenmau.Yelp-DemoUITests";
				PRODUCT_NAME = "$(TARGET_NAME)";
				SWIFT_VERSION = 5.0;
				TARGETED_DEVICE_FAMILY = "1,2";
				TEST_TARGET_NAME = "Yelp Demo";
			};
			name = Debug;
		};
		4222651B2301CF580029CD0B /* Release */ = {
			isa = XCBuildConfiguration;
			buildSettings = {
				ALWAYS_EMBED_SWIFT_STANDARD_LIBRARIES = YES;
				CODE_SIGN_STYLE = Automatic;
				DEVELOPMENT_TEAM = YR776Q9YX4;
				INFOPLIST_FILE = "Yelp DemoUITests/Info.plist";
				LD_RUNPATH_SEARCH_PATHS = (
					"$(inherited)",
					"@executable_path/Frameworks",
					"@loader_path/Frameworks",
				);
				PRODUCT_BUNDLE_IDENTIFIER = "com.kenmau.Yelp-DemoUITests";
				PRODUCT_NAME = "$(TARGET_NAME)";
				SWIFT_VERSION = 5.0;
				TARGETED_DEVICE_FAMILY = "1,2";
				TEST_TARGET_NAME = "Yelp Demo";
			};
			name = Release;
		};
/* End XCBuildConfiguration section */

/* Begin XCConfigurationList section */
		422264E62301CF570029CD0B /* Build configuration list for PBXProject "Yelp Demo" */ = {
			isa = XCConfigurationList;
			buildConfigurations = (
				422265112301CF580029CD0B /* Debug */,
				422265122301CF580029CD0B /* Release */,
			);
			defaultConfigurationIsVisible = 0;
			defaultConfigurationName = Release;
		};
		422265132301CF580029CD0B /* Build configuration list for PBXNativeTarget "Yelp Demo" */ = {
			isa = XCConfigurationList;
			buildConfigurations = (
				422265142301CF580029CD0B /* Debug */,
				422265152301CF580029CD0B /* Release */,
			);
			defaultConfigurationIsVisible = 0;
			defaultConfigurationName = Release;
		};
		422265162301CF580029CD0B /* Build configuration list for PBXNativeTarget "Yelp DemoTests" */ = {
			isa = XCConfigurationList;
			buildConfigurations = (
				422265172301CF580029CD0B /* Debug */,
				422265182301CF580029CD0B /* Release */,
			);
			defaultConfigurationIsVisible = 0;
			defaultConfigurationName = Release;
		};
		422265192301CF580029CD0B /* Build configuration list for PBXNativeTarget "Yelp DemoUITests" */ = {
			isa = XCConfigurationList;
			buildConfigurations = (
				4222651A2301CF580029CD0B /* Debug */,
				4222651B2301CF580029CD0B /* Release */,
			);
			defaultConfigurationIsVisible = 0;
			defaultConfigurationName = Release;
		};
/* End XCConfigurationList section */
	};
	rootObject = 422264E32301CF570029CD0B /* Project object */;
}
